schema: '2.0'
stages:
  preprocess:
    cmd: python src/data.py
    deps:
    - path: data/raw/
      hash: md5
      md5: 72aa5e1c6a5d74cbe18fa0aa91e7ade8.dir
      size: 31463
      nfiles: 1
    - path: src/data.py
      hash: md5
      md5: aad126cb6d5e2d1c945b126e7584b470
      size: 2686
    outs:
    - path: data/processed/
      hash: md5
      md5: 0914aa6791c92a65c64c062ff57689f9.dir
      size: 29204
      nfiles: 2
